// !$*UTF8*$!
{
	archiveVersion = 1;
	classes = {
	};
	objectVersion = 46;
	objects = {

/* Begin PBXBuildFile section */
		5E67B56A1F4DE06F6B559CA8 /* Pods_TicTacToeGameDemo.framework in Frameworks */ = {isa = PBXBuildFile; fileRef = C660D0A516945BEC41A5137F /* Pods_TicTacToeGameDemo.framework */; };
		E052AD281DC91F4900841760 /* AppDelegate.swift in Sources */ = {isa = PBXBuildFile; fileRef = E052AD271DC91F4900841760 /* AppDelegate.swift */; };
		E052AD2A1DC91F4900841760 /* GameScene.sks in Resources */ = {isa = PBXBuildFile; fileRef = E052AD291DC91F4900841760 /* GameScene.sks */; };
		E052AD2E1DC91F4900841760 /* GameScene.swift in Sources */ = {isa = PBXBuildFile; fileRef = E052AD2D1DC91F4900841760 /* GameScene.swift */; };
		E052AD301DC91F4900841760 /* GameViewController.swift in Sources */ = {isa = PBXBuildFile; fileRef = E052AD2F1DC91F4900841760 /* GameViewController.swift */; };
		E052AD331DC91F4900841760 /* Main.storyboard in Resources */ = {isa = PBXBuildFile; fileRef = E052AD311DC91F4900841760 /* Main.storyboard */; };
		E052AD381DC91F4900841760 /* LaunchScreen.storyboard in Resources */ = {isa = PBXBuildFile; fileRef = E052AD361DC91F4900841760 /* LaunchScreen.storyboard */; };
		E052AD421DC923D900841760 /* GameAILogic.swift in Sources */ = {isa = PBXBuildFile; fileRef = E052AD411DC923D900841760 /* GameAILogic.swift */; };
		E052AD441DC923F300841760 /* GameStates.swift in Sources */ = {isa = PBXBuildFile; fileRef = E052AD431DC923F300841760 /* GameStates.swift */; };
		E052AD451DC92B8200841760 /* Assets.xcassets in Resources */ = {isa = PBXBuildFile; fileRef = E052AD341DC91F4900841760 /* Assets.xcassets */; };
		E0AD4D1F1DCAA7970054F47C /* GoogleService-Info.plist in Resources */ = {isa = PBXBuildFile; fileRef = E0AD4D1E1DCAA7970054F47C /* GoogleService-Info.plist */; };
		E0AD4D211DCABF9F0054F47C /* PlayerChoiceScene.swift in Sources */ = {isa = PBXBuildFile; fileRef = E0AD4D201DCABF9F0054F47C /* PlayerChoiceScene.swift */; };
		E0AD4D231DCAC01E0054F47C /* PlayerChoiceScene.sks in Resources */ = {isa = PBXBuildFile; fileRef = E0AD4D221DCAC01E0054F47C /* PlayerChoiceScene.sks */; };
		E0AD4D2B1DCACF030054F47C /* TicTacToeGameDemoTests.swift in Sources */ = {isa = PBXBuildFile; fileRef = E0AD4D2A1DCACF030054F47C /* TicTacToeGameDemoTests.swift */; };
		E0AD4D391DCACF730054F47C /* TicTacToeGameDemoUITests.swift in Sources */ = {isa = PBXBuildFile; fileRef = E0AD4D381DCACF730054F47C /* TicTacToeGameDemoUITests.swift */; };
		E0AD4D471DCAD33B0054F47C /* GameViewControllerTests.swift in Sources */ = {isa = PBXBuildFile; fileRef = E0AD4D461DCAD33B0054F47C /* GameViewControllerTests.swift */; };
/* End PBXBuildFile section */

/* Begin PBXContainerItemProxy section */
		E0AD4D2D1DCACF030054F47C /* PBXContainerItemProxy */ = {
			isa = PBXContainerItemProxy;
			containerPortal = E052AD1C1DC91F4900841760 /* Project object */;
			proxyType = 1;
			remoteGlobalIDString = E052AD231DC91F4900841760;
			remoteInfo = TicTacToeGameDemo;
		};
		E0AD4D3B1DCACF730054F47C /* PBXContainerItemProxy */ = {
			isa = PBXContainerItemProxy;
			containerPortal = E052AD1C1DC91F4900841760 /* Project object */;
			proxyType = 1;
			remoteGlobalIDString = E052AD231DC91F4900841760;
			remoteInfo = TicTacToeGameDemo;
		};
/* End PBXContainerItemProxy section */

/* Begin PBXFileReference section */
		0E9188B6D77FFD8CD8CC4DAD /* Pods-TicTacToeGameDemo.release.xcconfig */ = {isa = PBXFileReference; includeInIndex = 1; lastKnownFileType = text.xcconfig; name = "Pods-TicTacToeGameDemo.release.xcconfig"; path = "Pods/Target Support Files/Pods-TicTacToeGameDemo/Pods-TicTacToeGameDemo.release.xcconfig"; sourceTree = "<group>"; };
		C660D0A516945BEC41A5137F /* Pods_TicTacToeGameDemo.framework */ = {isa = PBXFileReference; explicitFileType = wrapper.framework; includeInIndex = 0; path = Pods_TicTacToeGameDemo.framework; sourceTree = BUILT_PRODUCTS_DIR; };
		D774DDA2F81B1F6E3C8D485C /* Pods-TicTacToeGameDemo.debug.xcconfig */ = {isa = PBXFileReference; includeInIndex = 1; lastKnownFileType = text.xcconfig; name = "Pods-TicTacToeGameDemo.debug.xcconfig"; path = "Pods/Target Support Files/Pods-TicTacToeGameDemo/Pods-TicTacToeGameDemo.debug.xcconfig"; sourceTree = "<group>"; };
		E052AD241DC91F4900841760 /* TicTacToeGameDemo.app */ = {isa = PBXFileReference; explicitFileType = wrapper.application; includeInIndex = 0; path = TicTacToeGameDemo.app; sourceTree = BUILT_PRODUCTS_DIR; };
		E052AD271DC91F4900841760 /* AppDelegate.swift */ = {isa = PBXFileReference; lastKnownFileType = sourcecode.swift; path = AppDelegate.swift; sourceTree = "<group>"; };
		E052AD291DC91F4900841760 /* GameScene.sks */ = {isa = PBXFileReference; lastKnownFileType = file.sks; path = GameScene.sks; sourceTree = "<group>"; };
		E052AD2D1DC91F4900841760 /* GameScene.swift */ = {isa = PBXFileReference; lastKnownFileType = sourcecode.swift; path = GameScene.swift; sourceTree = "<group>"; };
		E052AD2F1DC91F4900841760 /* GameViewController.swift */ = {isa = PBXFileReference; lastKnownFileType = sourcecode.swift; path = GameViewController.swift; sourceTree = "<group>"; };
		E052AD321DC91F4900841760 /* Base */ = {isa = PBXFileReference; lastKnownFileType = file.storyboard; name = Base; path = Base.lproj/Main.storyboard; sourceTree = "<group>"; };
		E052AD341DC91F4900841760 /* Assets.xcassets */ = {isa = PBXFileReference; lastKnownFileType = folder.assetcatalog; path = Assets.xcassets; sourceTree = "<group>"; };
		E052AD371DC91F4900841760 /* Base */ = {isa = PBXFileReference; lastKnownFileType = file.storyboard; name = Base; path = Base.lproj/LaunchScreen.storyboard; sourceTree = "<group>"; };
		E052AD391DC91F4900841760 /* Info.plist */ = {isa = PBXFileReference; lastKnownFileType = text.plist.xml; path = Info.plist; sourceTree = "<group>"; };
		E052AD411DC923D900841760 /* GameAILogic.swift */ = {isa = PBXFileReference; fileEncoding = 4; lastKnownFileType = sourcecode.swift; path = GameAILogic.swift; sourceTree = "<group>"; };
		E052AD431DC923F300841760 /* GameStates.swift */ = {isa = PBXFileReference; fileEncoding = 4; lastKnownFileType = sourcecode.swift; path = GameStates.swift; sourceTree = "<group>"; };
		E0AD4D1E1DCAA7970054F47C /* GoogleService-Info.plist */ = {isa = PBXFileReference; fileEncoding = 4; lastKnownFileType = text.plist.xml; path = "GoogleService-Info.plist"; sourceTree = "<group>"; };
		E0AD4D201DCABF9F0054F47C /* PlayerChoiceScene.swift */ = {isa = PBXFileReference; fileEncoding = 4; lastKnownFileType = sourcecode.swift; path = PlayerChoiceScene.swift; sourceTree = "<group>"; };
		E0AD4D221DCAC01E0054F47C /* PlayerChoiceScene.sks */ = {isa = PBXFileReference; lastKnownFileType = file.sks; path = PlayerChoiceScene.sks; sourceTree = "<group>"; };
		E0AD4D281DCACF030054F47C /* TicTacToeGameDemoTests.xctest */ = {isa = PBXFileReference; explicitFileType = wrapper.cfbundle; includeInIndex = 0; path = TicTacToeGameDemoTests.xctest; sourceTree = BUILT_PRODUCTS_DIR; };
		E0AD4D2A1DCACF030054F47C /* TicTacToeGameDemoTests.swift */ = {isa = PBXFileReference; lastKnownFileType = sourcecode.swift; path = TicTacToeGameDemoTests.swift; sourceTree = "<group>"; };
		E0AD4D2C1DCACF030054F47C /* Info.plist */ = {isa = PBXFileReference; lastKnownFileType = text.plist.xml; path = Info.plist; sourceTree = "<group>"; };
		E0AD4D361DCACF730054F47C /* TicTacToeGameDemoUITests.xctest */ = {isa = PBXFileReference; explicitFileType = wrapper.cfbundle; includeInIndex = 0; path = TicTacToeGameDemoUITests.xctest; sourceTree = BUILT_PRODUCTS_DIR; };
		E0AD4D381DCACF730054F47C /* TicTacToeGameDemoUITests.swift */ = {isa = PBXFileReference; lastKnownFileType = sourcecode.swift; path = TicTacToeGameDemoUITests.swift; sourceTree = "<group>"; };
		E0AD4D3A1DCACF730054F47C /* Info.plist */ = {isa = PBXFileReference; lastKnownFileType = text.plist.xml; path = Info.plist; sourceTree = "<group>"; };
		E0AD4D461DCAD33B0054F47C /* GameViewControllerTests.swift */ = {isa = PBXFileReference; fileEncoding = 4; lastKnownFileType = sourcecode.swift; path = GameViewControllerTests.swift; sourceTree = "<group>"; };
/* End PBXFileReference section */

/* Begin PBXFrameworksBuildPhase section */
		E052AD211DC91F4900841760 /* Frameworks */ = {
			isa = PBXFrameworksBuildPhase;
			buildActionMask = 2147483647;
			files = (
				5E67B56A1F4DE06F6B559CA8 /* Pods_TicTacToeGameDemo.framework in Frameworks */,
			);
			runOnlyForDeploymentPostprocessing = 0;
		};
		E0AD4D251DCACF030054F47C /* Frameworks */ = {
			isa = PBXFrameworksBuildPhase;
			buildActionMask = 2147483647;
			files = (
			);
			runOnlyForDeploymentPostprocessing = 0;
		};
		E0AD4D331DCACF730054F47C /* Frameworks */ = {
			isa = PBXFrameworksBuildPhase;
			buildActionMask = 2147483647;
			files = (
			);
			runOnlyForDeploymentPostprocessing = 0;
		};
/* End PBXFrameworksBuildPhase section */

/* Begin PBXGroup section */
		9F30CC016477DD90C9B6C246 /* Frameworks */ = {
			isa = PBXGroup;
			children = (
				C660D0A516945BEC41A5137F /* Pods_TicTacToeGameDemo.framework */,
			);
			name = Frameworks;
			sourceTree = "<group>";
		};
		B48D98EEDE1AC2ACFA1DDFA9 /* Pods */ = {
			isa = PBXGroup;
			children = (
				D774DDA2F81B1F6E3C8D485C /* Pods-TicTacToeGameDemo.debug.xcconfig */,
				0E9188B6D77FFD8CD8CC4DAD /* Pods-TicTacToeGameDemo.release.xcconfig */,
			);
			name = Pods;
			sourceTree = "<group>";
		};
		E052AD1B1DC91F4900841760 = {
			isa = PBXGroup;
			children = (
				E052AD261DC91F4900841760 /* TicTacToeGameDemo */,
				E0AD4D291DCACF030054F47C /* TicTacToeGameDemoTests */,
				E0AD4D371DCACF730054F47C /* TicTacToeGameDemoUITests */,
				E052AD251DC91F4900841760 /* Products */,
				B48D98EEDE1AC2ACFA1DDFA9 /* Pods */,
				9F30CC016477DD90C9B6C246 /* Frameworks */,
			);
			sourceTree = "<group>";
		};
		E052AD251DC91F4900841760 /* Products */ = {
			isa = PBXGroup;
			children = (
				E052AD241DC91F4900841760 /* TicTacToeGameDemo.app */,
				E0AD4D281DCACF030054F47C /* TicTacToeGameDemoTests.xctest */,
				E0AD4D361DCACF730054F47C /* TicTacToeGameDemoUITests.xctest */,
			);
			name = Products;
			sourceTree = "<group>";
		};
		E052AD261DC91F4900841760 /* TicTacToeGameDemo */ = {
			isa = PBXGroup;
			children = (
				E0AD4D451DCAD0870054F47C /* GameLogic */,
				E0AD4D441DCAD0640054F47C /* GameScenes */,
				E0AD4D431DCAD0520054F47C /* ViewControllers */,
				E0AD4D421DCAD0200054F47C /* Sks */,
				E0AD4D401DCACFE40054F47C /* Storyboards */,
				E052AD271DC91F4900841760 /* AppDelegate.swift */,
				E052AD341DC91F4900841760 /* Assets.xcassets */,
				E052AD391DC91F4900841760 /* Info.plist */,
				E0AD4D1E1DCAA7970054F47C /* GoogleService-Info.plist */,
			);
			path = TicTacToeGameDemo;
			sourceTree = "<group>";
		};
		E0AD4D291DCACF030054F47C /* TicTacToeGameDemoTests */ = {
			isa = PBXGroup;
			children = (
				E0AD4D2A1DCACF030054F47C /* TicTacToeGameDemoTests.swift */,
				E0AD4D2C1DCACF030054F47C /* Info.plist */,
			);
			path = TicTacToeGameDemoTests;
			sourceTree = "<group>";
		};
		E0AD4D371DCACF730054F47C /* TicTacToeGameDemoUITests */ = {
			isa = PBXGroup;
			children = (
				E0AD4D461DCAD33B0054F47C /* GameViewControllerTests.swift */,
				E0AD4D381DCACF730054F47C /* TicTacToeGameDemoUITests.swift */,
				E0AD4D3A1DCACF730054F47C /* Info.plist */,
			);
			path = TicTacToeGameDemoUITests;
			sourceTree = "<group>";
		};
		E0AD4D401DCACFE40054F47C /* Storyboards */ = {
			isa = PBXGroup;
			children = (
				E052AD361DC91F4900841760 /* LaunchScreen.storyboard */,
				E052AD311DC91F4900841760 /* Main.storyboard */,
			);
			name = Storyboards;
			sourceTree = "<group>";
		};
		E0AD4D421DCAD0200054F47C /* Sks */ = {
			isa = PBXGroup;
			children = (
				E052AD291DC91F4900841760 /* GameScene.sks */,
				E0AD4D221DCAC01E0054F47C /* PlayerChoiceScene.sks */,
			);
			name = Sks;
			sourceTree = "<group>";
		};
		E0AD4D431DCAD0520054F47C /* ViewControllers */ = {
			isa = PBXGroup;
			children = (
				E052AD2F1DC91F4900841760 /* GameViewController.swift */,
			);
			name = ViewControllers;
			sourceTree = "<group>";
		};
		E0AD4D441DCAD0640054F47C /* GameScenes */ = {
			isa = PBXGroup;
			children = (
				E052AD2D1DC91F4900841760 /* GameScene.swift */,
				E0AD4D201DCABF9F0054F47C /* PlayerChoiceScene.swift */,
			);
			name = GameScenes;
			sourceTree = "<group>";
		};
		E0AD4D451DCAD0870054F47C /* GameLogic */ = {
			isa = PBXGroup;
			children = (
				E052AD431DC923F300841760 /* GameStates.swift */,
				E052AD411DC923D900841760 /* GameAILogic.swift */,
			);
			name = GameLogic;
			sourceTree = "<group>";
		};
/* End PBXGroup section */

/* Begin PBXNativeTarget section */
		E052AD231DC91F4900841760 /* TicTacToeGameDemo */ = {
			isa = PBXNativeTarget;
			buildConfigurationList = E052AD3C1DC91F4900841760 /* Build configuration list for PBXNativeTarget "TicTacToeGameDemo" */;
			buildPhases = (
				505F32216163395A549173FC /* [CP] Check Pods Manifest.lock */,
				E052AD201DC91F4900841760 /* Sources */,
				E052AD211DC91F4900841760 /* Frameworks */,
				E052AD221DC91F4900841760 /* Resources */,
				F58F7C5E20EA13EA3E0BA16E /* [CP] Embed Pods Frameworks */,
				65D41E52BFC865471BA7CCA3 /* [CP] Copy Pods Resources */,
			);
			buildRules = (
			);
			dependencies = (
			);
			name = TicTacToeGameDemo;
			productName = TicTacToeGameDemo;
			productReference = E052AD241DC91F4900841760 /* TicTacToeGameDemo.app */;
			productType = "com.apple.product-type.application";
		};
		E0AD4D271DCACF030054F47C /* TicTacToeGameDemoTests */ = {
			isa = PBXNativeTarget;
			buildConfigurationList = E0AD4D2F1DCACF030054F47C /* Build configuration list for PBXNativeTarget "TicTacToeGameDemoTests" */;
			buildPhases = (
				E0AD4D241DCACF030054F47C /* Sources */,
				E0AD4D251DCACF030054F47C /* Frameworks */,
				E0AD4D261DCACF030054F47C /* Resources */,
			);
			buildRules = (
			);
			dependencies = (
				E0AD4D2E1DCACF030054F47C /* PBXTargetDependency */,
			);
			name = TicTacToeGameDemoTests;
			productName = TicTacToeGameDemoTests;
			productReference = E0AD4D281DCACF030054F47C /* TicTacToeGameDemoTests.xctest */;
			productType = "com.apple.product-type.bundle.unit-test";
		};
		E0AD4D351DCACF730054F47C /* TicTacToeGameDemoUITests */ = {
			isa = PBXNativeTarget;
			buildConfigurationList = E0AD4D3D1DCACF730054F47C /* Build configuration list for PBXNativeTarget "TicTacToeGameDemoUITests" */;
			buildPhases = (
				E0AD4D321DCACF730054F47C /* Sources */,
				E0AD4D331DCACF730054F47C /* Frameworks */,
				E0AD4D341DCACF730054F47C /* Resources */,
			);
			buildRules = (
			);
			dependencies = (
				E0AD4D3C1DCACF730054F47C /* PBXTargetDependency */,
			);
			name = TicTacToeGameDemoUITests;
			productName = TicTacToeGameDemoUITests;
			productReference = E0AD4D361DCACF730054F47C /* TicTacToeGameDemoUITests.xctest */;
			productType = "com.apple.product-type.bundle.ui-testing";
		};
/* End PBXNativeTarget section */

/* Begin PBXProject section */
		E052AD1C1DC91F4900841760 /* Project object */ = {
			isa = PBXProject;
			attributes = {
				LastSwiftUpdateCheck = 0810;
				LastUpgradeCheck = 0810;
				ORGANIZATIONNAME = monigarr;
				TargetAttributes = {
					E052AD231DC91F4900841760 = {
						CreatedOnToolsVersion = 8.1;
						DevelopmentTeam = P9B3733Z2X;
						ProvisioningStyle = Automatic;
					};
					E0AD4D271DCACF030054F47C = {
						CreatedOnToolsVersion = 8.1;
						DevelopmentTeam = P9B3733Z2X;
						ProvisioningStyle = Automatic;
						TestTargetID = E052AD231DC91F4900841760;
					};
					E0AD4D351DCACF730054F47C = {
						CreatedOnToolsVersion = 8.1;
						DevelopmentTeam = P9B3733Z2X;
						ProvisioningStyle = Automatic;
						TestTargetID = E052AD231DC91F4900841760;
					};
				};
			};
			buildConfigurationList = E052AD1F1DC91F4900841760 /* Build configuration list for PBXProject "TicTacToeGameDemo" */;
			compatibilityVersion = "Xcode 3.2";
			developmentRegion = English;
			hasScannedForEncodings = 0;
			knownRegions = (
				en,
				Base,
			);
			mainGroup = E052AD1B1DC91F4900841760;
			productRefGroup = E052AD251DC91F4900841760 /* Products */;
			projectDirPath = "";
			projectRoot = "";
			targets = (
				E052AD231DC91F4900841760 /* TicTacToeGameDemo */,
				E0AD4D271DCACF030054F47C /* TicTacToeGameDemoTests */,
				E0AD4D351DCACF730054F47C /* TicTacToeGameDemoUITests */,
			);
		};
/* End PBXProject section */

/* Begin PBXResourcesBuildPhase section */
		E052AD221DC91F4900841760 /* Resources */ = {
			isa = PBXResourcesBuildPhase;
			buildActionMask = 2147483647;
			files = (
				E0AD4D231DCAC01E0054F47C /* PlayerChoiceScene.sks in Resources */,
				E052AD451DC92B8200841760 /* Assets.xcassets in Resources */,
				E052AD331DC91F4900841760 /* Main.storyboard in Resources */,
				E0AD4D1F1DCAA7970054F47C /* GoogleService-Info.plist in Resources */,
				E052AD2A1DC91F4900841760 /* GameScene.sks in Resources */,
				E052AD381DC91F4900841760 /* LaunchScreen.storyboard in Resources */,
			);
			runOnlyForDeploymentPostprocessing = 0;
		};
		E0AD4D261DCACF030054F47C /* Resources */ = {
			isa = PBXResourcesBuildPhase;
			buildActionMask = 2147483647;
			files = (
			);
			runOnlyForDeploymentPostprocessing = 0;
		};
		E0AD4D341DCACF730054F47C /* Resources */ = {
			isa = PBXResourcesBuildPhase;
			buildActionMask = 2147483647;
			files = (
			);
			runOnlyForDeploymentPostprocessing = 0;
		};
/* End PBXResourcesBuildPhase section */

/* Begin PBXShellScriptBuildPhase section */
		505F32216163395A549173FC /* [CP] Check Pods Manifest.lock */ = {
			isa = PBXShellScriptBuildPhase;
			buildActionMask = 2147483647;
			files = (
			);
			inputPaths = (
			);
			name = "[CP] Check Pods Manifest.lock";
			outputPaths = (
			);
			runOnlyForDeploymentPostprocessing = 0;
			shellPath = /bin/sh;
			shellScript = "diff \"${PODS_ROOT}/../Podfile.lock\" \"${PODS_ROOT}/Manifest.lock\" > /dev/null\nif [[ $? != 0 ]] ; then\n    cat << EOM\nerror: The sandbox is not in sync with the Podfile.lock. Run 'pod install' or update your CocoaPods installation.\nEOM\n    exit 1\nfi\n";
			showEnvVarsInLog = 0;
		};
		65D41E52BFC865471BA7CCA3 /* [CP] Copy Pods Resources */ = {
			isa = PBXShellScriptBuildPhase;
			buildActionMask = 2147483647;
			files = (
			);
			inputPaths = (
			);
			name = "[CP] Copy Pods Resources";
			outputPaths = (
			);
			runOnlyForDeploymentPostprocessing = 0;
			shellPath = /bin/sh;
			shellScript = "\"${SRCROOT}/Pods/Target Support Files/Pods-TicTacToeGameDemo/Pods-TicTacToeGameDemo-resources.sh\"\n";
			showEnvVarsInLog = 0;
		};
		F58F7C5E20EA13EA3E0BA16E /* [CP] Embed Pods Frameworks */ = {
			isa = PBXShellScriptBuildPhase;
			buildActionMask = 2147483647;
			files = (
			);
			inputPaths = (
			);
			name = "[CP] Embed Pods Frameworks";
			outputPaths = (
			);
			runOnlyForDeploymentPostprocessing = 0;
			shellPath = /bin/sh;
			shellScript = "\"${SRCROOT}/Pods/Target Support Files/Pods-TicTacToeGameDemo/Pods-TicTacToeGameDemo-frameworks.sh\"\n";
			showEnvVarsInLog = 0;
		};
/* End PBXShellScriptBuildPhase section */

/* Begin PBXSourcesBuildPhase section */
		E052AD201DC91F4900841760 /* Sources */ = {
			isa = PBXSourcesBuildPhase;
			buildActionMask = 2147483647;
			files = (
				E052AD2E1DC91F4900841760 /* GameScene.swift in Sources */,
				E052AD301DC91F4900841760 /* GameViewController.swift in Sources */,
				E052AD441DC923F300841760 /* GameStates.swift in Sources */,
				E052AD421DC923D900841760 /* GameAILogic.swift in Sources */,
				E0AD4D211DCABF9F0054F47C /* PlayerChoiceScene.swift in Sources */,
				E052AD281DC91F4900841760 /* AppDelegate.swift in Sources */,
			);
			runOnlyForDeploymentPostprocessing = 0;
		};
		E0AD4D241DCACF030054F47C /* Sources */ = {
			isa = PBXSourcesBuildPhase;
			buildActionMask = 2147483647;
			files = (
				E0AD4D2B1DCACF030054F47C /* TicTacToeGameDemoTests.swift in Sources */,
			);
			runOnlyForDeploymentPostprocessing = 0;
		};
		E0AD4D321DCACF730054F47C /* Sources */ = {
			isa = PBXSourcesBuildPhase;
			buildActionMask = 2147483647;
			files = (
				E0AD4D471DCAD33B0054F47C /* GameViewControllerTests.swift in Sources */,
				E0AD4D391DCACF730054F47C /* TicTacToeGameDemoUITests.swift in Sources */,
			);
			runOnlyForDeploymentPostprocessing = 0;
		};
/* End PBXSourcesBuildPhase section */

/* Begin PBXTargetDependency section */
		E0AD4D2E1DCACF030054F47C /* PBXTargetDependency */ = {
			isa = PBXTargetDependency;
			target = E052AD231DC91F4900841760 /* TicTacToeGameDemo */;
			targetProxy = E0AD4D2D1DCACF030054F47C /* PBXContainerItemProxy */;
		};
		E0AD4D3C1DCACF730054F47C /* PBXTargetDependency */ = {
			isa = PBXTargetDependency;
			target = E052AD231DC91F4900841760 /* TicTacToeGameDemo */;
			targetProxy = E0AD4D3B1DCACF730054F47C /* PBXContainerItemProxy */;
		};
/* End PBXTargetDependency section */

/* Begin PBXVariantGroup section */
		E052AD311DC91F4900841760 /* Main.storyboard */ = {
			isa = PBXVariantGroup;
			children = (
				E052AD321DC91F4900841760 /* Base */,
			);
			name = Main.storyboard;
			sourceTree = "<group>";
		};
		E052AD361DC91F4900841760 /* LaunchScreen.storyboard */ = {
			isa = PBXVariantGroup;
			children = (
				E052AD371DC91F4900841760 /* Base */,
			);
			name = LaunchScreen.storyboard;
			sourceTree = "<group>";
		};
/* End PBXVariantGroup section */

/* Begin XCBuildConfiguration section */
		E052AD3A1DC91F4900841760 /* Debug */ = {
			isa = XCBuildConfiguration;
			buildSettings = {
				ALWAYS_SEARCH_USER_PATHS = NO;
				CLANG_ANALYZER_NONNULL = YES;
				CLANG_CXX_LANGUAGE_STANDARD = "gnu++0x";
				CLANG_CXX_LIBRARY = "libc++";
				CLANG_ENABLE_MODULES = YES;
				CLANG_ENABLE_OBJC_ARC = YES;
				CLANG_WARN_BOOL_CONVERSION = YES;
				CLANG_WARN_CONSTANT_CONVERSION = YES;
				CLANG_WARN_DIRECT_OBJC_ISA_USAGE = YES_ERROR;
				CLANG_WARN_DOCUMENTATION_COMMENTS = YES;
				CLANG_WARN_EMPTY_BODY = YES;
				CLANG_WARN_ENUM_CONVERSION = YES;
				CLANG_WARN_INFINITE_RECURSION = YES;
				CLANG_WARN_INT_CONVERSION = YES;
				CLANG_WARN_OBJC_ROOT_CLASS = YES_ERROR;
				CLANG_WARN_SUSPICIOUS_MOVES = YES;
				CLANG_WARN_UNREACHABLE_CODE = YES;
				CLANG_WARN__DUPLICATE_METHOD_MATCH = YES;
				"CODE_SIGN_IDENTITY[sdk=iphoneos*]" = "iPhone Developer";
				COPY_PHASE_STRIP = NO;
				DEBUG_INFORMATION_FORMAT = dwarf;
				ENABLE_STRICT_OBJC_MSGSEND = YES;
				ENABLE_TESTABILITY = YES;
				GCC_C_LANGUAGE_STANDARD = gnu99;
				GCC_DYNAMIC_NO_PIC = NO;
				GCC_NO_COMMON_BLOCKS = YES;
				GCC_OPTIMIZATION_LEVEL = 0;
				GCC_PREPROCESSOR_DEFINITIONS = (
					"DEBUG=1",
					"$(inherited)",
				);
				GCC_WARN_64_TO_32_BIT_CONVERSION = YES;
				GCC_WARN_ABOUT_RETURN_TYPE = YES_ERROR;
				GCC_WARN_UNDECLARED_SELECTOR = YES;
				GCC_WARN_UNINITIALIZED_AUTOS = YES_AGGRESSIVE;
				GCC_WARN_UNUSED_FUNCTION = YES;
				GCC_WARN_UNUSED_VARIABLE = YES;
				IPHONEOS_DEPLOYMENT_TARGET = 10.1;
				MTL_ENABLE_DEBUG_INFO = YES;
				ONLY_ACTIVE_ARCH = YES;
				SDKROOT = iphoneos;
				SWIFT_ACTIVE_COMPILATION_CONDITIONS = DEBUG;
				SWIFT_OPTIMIZATION_LEVEL = "-Onone";
				TARGETED_DEVICE_FAMILY = "1,2";
			};
			name = Debug;
		};
		E052AD3B1DC91F4900841760 /* Release */ = {
			isa = XCBuildConfiguration;
			buildSettings = {
				ALWAYS_SEARCH_USER_PATHS = NO;
				CLANG_ANALYZER_NONNULL = YES;
				CLANG_CXX_LANGUAGE_STANDARD = "gnu++0x";
				CLANG_CXX_LIBRARY = "libc++";
				CLANG_ENABLE_MODULES = YES;
				CLANG_ENABLE_OBJC_ARC = YES;
				CLANG_WARN_BOOL_CONVERSION = YES;
				CLANG_WARN_CONSTANT_CONVERSION = YES;
				CLANG_WARN_DIRECT_OBJC_ISA_USAGE = YES_ERROR;
				CLANG_WARN_DOCUMENTATION_COMMENTS = YES;
				CLANG_WARN_EMPTY_BODY = YES;
				CLANG_WARN_ENUM_CONVERSION = YES;
				CLANG_WARN_INFINITE_RECURSION = YES;
				CLANG_WARN_INT_CONVERSION = YES;
				CLANG_WARN_OBJC_ROOT_CLASS = YES_ERROR;
				CLANG_WARN_SUSPICIOUS_MOVES = YES;
				CLANG_WARN_UNREACHABLE_CODE = YES;
				CLANG_WARN__DUPLICATE_METHOD_MATCH = YES;
				"CODE_SIGN_IDENTITY[sdk=iphoneos*]" = "iPhone Developer";
				COPY_PHASE_STRIP = NO;
				DEBUG_INFORMATION_FORMAT = "dwarf-with-dsym";
				ENABLE_NS_ASSERTIONS = NO;
				ENABLE_STRICT_OBJC_MSGSEND = YES;
				GCC_C_LANGUAGE_STANDARD = gnu99;
				GCC_NO_COMMON_BLOCKS = YES;
				GCC_WARN_64_TO_32_BIT_CONVERSION = YES;
				GCC_WARN_ABOUT_RETURN_TYPE = YES_ERROR;
				GCC_WARN_UNDECLARED_SELECTOR = YES;
				GCC_WARN_UNINITIALIZED_AUTOS = YES_AGGRESSIVE;
				GCC_WARN_UNUSED_FUNCTION = YES;
				GCC_WARN_UNUSED_VARIABLE = YES;
				IPHONEOS_DEPLOYMENT_TARGET = 10.1;
				MTL_ENABLE_DEBUG_INFO = NO;
				SDKROOT = iphoneos;
				SWIFT_OPTIMIZATION_LEVEL = "-Owholemodule";
				TARGETED_DEVICE_FAMILY = "1,2";
				VALIDATE_PRODUCT = YES;
			};
			name = Release;
		};
		E052AD3D1DC91F4900841760 /* Debug */ = {
			isa = XCBuildConfiguration;
			baseConfigurationReference = D774DDA2F81B1F6E3C8D485C /* Pods-TicTacToeGameDemo.debug.xcconfig */;
			buildSettings = {
				ASSETCATALOG_COMPILER_APPICON_NAME = AppIcon;
				DEFINES_MODULE = YES;
				DEVELOPMENT_TEAM = P9B3733Z2X;
				INFOPLIST_FILE = TicTacToeGameDemo/Info.plist;
				IPHONEOS_DEPLOYMENT_TARGET = 10.1;
				LD_RUNPATH_SEARCH_PATHS = "$(inherited) @executable_path/Frameworks";
				PRODUCT_BUNDLE_IDENTIFIER = com.monigarr.TicTacToeGameDemo;
				PRODUCT_NAME = "$(TARGET_NAME)";
				SWIFT_VERSION = 3.0;
			};
			name = Debug;
		};
		E052AD3E1DC91F4900841760 /* Release */ = {
			isa = XCBuildConfiguration;
			baseConfigurationReference = 0E9188B6D77FFD8CD8CC4DAD /* Pods-TicTacToeGameDemo.release.xcconfig */;
			buildSettings = {
				ASSETCATALOG_COMPILER_APPICON_NAME = AppIcon;
				DEFINES_MODULE = YES;
				DEVELOPMENT_TEAM = P9B3733Z2X;
				INFOPLIST_FILE = TicTacToeGameDemo/Info.plist;
				IPHONEOS_DEPLOYMENT_TARGET = 10.1;
				LD_RUNPATH_SEARCH_PATHS = "$(inherited) @executable_path/Frameworks";
				PRODUCT_BUNDLE_IDENTIFIER = com.monigarr.TicTacToeGameDemo;
				PRODUCT_NAME = "$(TARGET_NAME)";
				SWIFT_VERSION = 3.0;
			};
			name = Release;
		};
		E0AD4D301DCACF030054F47C /* Debug */ = {
			isa = XCBuildConfiguration;
			buildSettings = {
				BUNDLE_LOADER = "$(TEST_HOST)";
				DEVELOPMENT_TEAM = P9B3733Z2X;
				INFOPLIST_FILE = TicTacToeGameDemoTests/Info.plist;
				LD_RUNPATH_SEARCH_PATHS = "$(inherited) @executable_path/Frameworks @loader_path/Frameworks";
				PRODUCT_BUNDLE_IDENTIFIER = monigarr.TicTacToeGameDemoTests;
				PRODUCT_NAME = "$(TARGET_NAME)";
				SWIFT_VERSION = 3.0;
				TEST_HOST = "$(BUILT_PRODUCTS_DIR)/TicTacToeGameDemo.app/TicTacToeGameDemo";
			};
			name = Debug;
		};
		E0AD4D311DCACF030054F47C /* Release */ = {
			isa = XCBuildConfiguration;
			buildSettings = {
				BUNDLE_LOADER = "$(TEST_HOST)";
				DEVELOPMENT_TEAM = P9B3733Z2X;
				INFOPLIST_FILE = TicTacToeGameDemoTests/Info.plist;
				LD_RUNPATH_SEARCH_PATHS = "$(inherited) @executable_path/Frameworks @loader_path/Frameworks";
				PRODUCT_BUNDLE_IDENTIFIER = monigarr.TicTacToeGameDemoTests;
				PRODUCT_NAME = "$(TARGET_NAME)";
				SWIFT_VERSION = 3.0;
				TEST_HOST = "$(BUILT_PRODUCTS_DIR)/TicTacToeGameDemo.app/TicTacToeGameDemo";
			};
			name = Release;
		};
		E0AD4D3E1DCACF730054F47C /* Debug */ = {
			isa = XCBuildConfiguration;
			buildSettings = {
				DEVELOPMENT_TEAM = P9B3733Z2X;
				INFOPLIST_FILE = TicTacToeGameDemoUITests/Info.plist;
				LD_RUNPATH_SEARCH_PATHS = "$(inherited) @executable_path/Frameworks @loader_path/Frameworks";
				PRODUCT_BUNDLE_IDENTIFIER = monigarr.TicTacToeGameDemoUITests;
				PRODUCT_NAME = "$(TARGET_NAME)";
				SWIFT_VERSION = 3.0;
				TEST_TARGET_NAME = TicTacToeGameDemo;
			};
			name = Debug;
		};
		E0AD4D3F1DCACF730054F47C /* Release */ = {
			isa = XCBuildConfiguration;
			buildSettings = {
				DEVELOPMENT_TEAM = P9B3733Z2X;
				INFOPLIST_FILE = TicTacToeGameDemoUITests/Info.plist;
				LD_RUNPATH_SEARCH_PATHS = "$(inherited) @executable_path/Frameworks @loader_path/Frameworks";
				PRODUCT_BUNDLE_IDENTIFIER = monigarr.TicTacToeGameDemoUITests;
				PRODUCT_NAME = "$(TARGET_NAME)";
				SWIFT_VERSION = 3.0;
				TEST_TARGET_NAME = TicTacToeGameDemo;
			};
			name = Release;
		};
/* End XCBuildConfiguration section */

/* Begin XCConfigurationList section */
		E052AD1F1DC91F4900841760 /* Build configuration list for PBXProject "TicTacToeGameDemo" */ = {
			isa = XCConfigurationList;
			buildConfigurations = (
				E052AD3A1DC91F4900841760 /* Debug */,
				E052AD3B1DC91F4900841760 /* Release */,
			);
			defaultConfigurationIsVisible = 0;
			defaultConfigurationName = Release;
		};
		E052AD3C1DC91F4900841760 /* Build configuration list for PBXNativeTarget "TicTacToeGameDemo" */ = {
			isa = XCConfigurationList;
			buildConfigurations = (
				E052AD3D1DC91F4900841760 /* Debug */,
				E052AD3E1DC91F4900841760 /* Release */,
			);
			defaultConfigurationIsVisible = 0;
			defaultConfigurationName = Release;
		};
		E0AD4D2F1DCACF030054F47C /* Build configuration list for PBXNativeTarget "TicTacToeGameDemoTests" */ = {
			isa = XCConfigurationList;
			buildConfigurations = (
				E0AD4D301DCACF030054F47C /* Debug */,
				E0AD4D311DCACF030054F47C /* Release */,
			);
			defaultConfigurationIsVisible = 0;
		};
		E0AD4D3D1DCACF730054F47C /* Build configuration list for PBXNativeTarget "TicTacToeGameDemoUITests" */ = {
			isa = XCConfigurationList;
			buildConfigurations = (
				E0AD4D3E1DCACF730054F47C /* Debug */,
				E0AD4D3F1DCACF730054F47C /* Release */,
			);
			defaultConfigurationIsVisible = 0;
		};
/* End XCConfigurationList section */
	};
	rootObject = E052AD1C1DC91F4900841760 /* Project object */;
}
